
Microsoft Visual Studio Solution File, Format Version 12.00
# Visual Studio Version 16
VisualStudioVersion = 16.0.32106.194
MinimumVisualStudioVersion = 10.0.40219.1
Project("{FAE04EC0-301F-11D3-BF4B-00C04F79EFBC}") = "LifDBMS", "LifDBMS\LifDBMS.csproj", "{D5A059E6-6E76-4831-A16D-EC80408AEB59}"
EndProject
Global
	GlobalSection(SolutionConfigurationPlatforms) = preSolution
		Debug|Any CPU = Debug|Any CPU
		Release|Any CPU = Release|Any CPU
	EndGlobalSection
	GlobalSection(ProjectConfigurationPlatforms) = postSolution
		{D5A059E6-6E76-4831-A16D-EC80408AEB59}.Debug|Any CPU.ActiveCfg = Debug|Any CPU
		{D5A059E6-6E76-4831-A16D-EC80408AEB59}.Debug|Any CPU.Build.0 = Debug|Any CPU
		{D5A059E6-6E76-4831-A16D-EC80408AEB59}.Release|Any CPU.ActiveCfg = Release|Any CPU
		{D5A059E6-6E76-4831-A16D-EC80408AEB59}.Release|Any CPU.Build.0 = Release|Any CPU
	EndGlobalSection
	GlobalSection(SolutionProperties) = preSolution
		HideSolutionNode = FALSE
	EndGlobalSection
	GlobalSection(ExtensibilityGlobals) = postSolution
		SolutionGuid = {4B898967-40DD-4500-845D-E329288A04EB}
	EndGlobalSection
EndGlobal
